// !$*UTF8*$!
{
	archiveVersion = 1;
	classes = {
	};
	objectVersion = 51;
	objects = {

/* Begin PBXBuildFile section */
		28D598BC44235F43C189C9C9 /* Pods_BackpackrTests.framework in Frameworks */ = {isa = PBXBuildFile; fileRef = D3715DF1C77267C136D3F410 /* Pods_BackpackrTests.framework */; };
		9E6A038CEDFBDD1169E1E194 /* Pods_Backpackr.framework in Frameworks */ = {isa = PBXBuildFile; fileRef = 37F3048F66D3C9178D0DA8E4 /* Pods_Backpackr.framework */; };
		D7174A949E6D6483717ED0F0 /* Pods_Backpackr_BackpackrUITests.framework in Frameworks */ = {isa = PBXBuildFile; fileRef = 47842C031F05EAB4427D57E9 /* Pods_Backpackr_BackpackrUITests.framework */; };
		EB671AEE239BC561001DACCB /* BPAppDelegate.swift in Sources */ = {isa = PBXBuildFile; fileRef = EB671AED239BC561001DACCB /* BPAppDelegate.swift */; };
		EB671AF0239BC561001DACCB /* BPSceneDelegate.swift in Sources */ = {isa = PBXBuildFile; fileRef = EB671AEF239BC561001DACCB /* BPSceneDelegate.swift */; };
		EB671AF4239BC562001DACCB /* Assets.xcassets in Resources */ = {isa = PBXBuildFile; fileRef = EB671AF3239BC562001DACCB /* Assets.xcassets */; };
		EB671AFA239BC562001DACCB /* LaunchScreen.storyboard in Resources */ = {isa = PBXBuildFile; fileRef = EB671AF8239BC562001DACCB /* LaunchScreen.storyboard */; };
		EB671B05239BC562001DACCB /* BackpackrTests.swift in Sources */ = {isa = PBXBuildFile; fileRef = EB671B04239BC562001DACCB /* BackpackrTests.swift */; };
		EB671B10239BC562001DACCB /* BackpackrUITests.swift in Sources */ = {isa = PBXBuildFile; fileRef = EB671B0F239BC562001DACCB /* BackpackrUITests.swift */; };
		EB671B1F239BCADD001DACCB /* BPMainViewController.swift in Sources */ = {isa = PBXBuildFile; fileRef = EB671B1E239BCADD001DACCB /* BPMainViewController.swift */; };
		EB671B22239BCB03001DACCB /* BPMainNavigationController.swift in Sources */ = {isa = PBXBuildFile; fileRef = EB671B21239BCB03001DACCB /* BPMainNavigationController.swift */; };
		EB671B24239BCC96001DACCB /* BPMainReactor.swift in Sources */ = {isa = PBXBuildFile; fileRef = EB671B23239BCC96001DACCB /* BPMainReactor.swift */; };
		EB671B28239BD343001DACCB /* BPResponse.swift in Sources */ = {isa = PBXBuildFile; fileRef = EB671B27239BD343001DACCB /* BPResponse.swift */; };
		EB671B2A239BD3C3001DACCB /* BPProductResponse.swift in Sources */ = {isa = PBXBuildFile; fileRef = EB671B29239BD3C3001DACCB /* BPProductResponse.swift */; };
		EB671B2C239BDD54001DACCB /* BPProductDetailResponse.swift in Sources */ = {isa = PBXBuildFile; fileRef = EB671B2B239BDD54001DACCB /* BPProductDetailResponse.swift */; };
		EB671B2F239BE188001DACCB /* KeyedDecodingContainer+Extension.swift in Sources */ = {isa = PBXBuildFile; fileRef = EB671B2E239BE188001DACCB /* KeyedDecodingContainer+Extension.swift */; };
		EB671B32239BE621001DACCB /* BPNavigationController.swift in Sources */ = {isa = PBXBuildFile; fileRef = EB671B31239BE621001DACCB /* BPNavigationController.swift */; };
		EB671B34239BE673001DACCB /* BPCollectionViewController.swift in Sources */ = {isa = PBXBuildFile; fileRef = EB671B33239BE672001DACCB /* BPCollectionViewController.swift */; };
		EB671B36239BE696001DACCB /* BPViewController.swift in Sources */ = {isa = PBXBuildFile; fileRef = EB671B35239BE696001DACCB /* BPViewController.swift */; };
		EB671B39239BE703001DACCB /* BPDetailViewController.swift in Sources */ = {isa = PBXBuildFile; fileRef = EB671B38239BE703001DACCB /* BPDetailViewController.swift */; };
		EB671B3B239BE74E001DACCB /* BPDetailReactor.swift in Sources */ = {isa = PBXBuildFile; fileRef = EB671B3A239BE74E001DACCB /* BPDetailReactor.swift */; };
		EB671B3D239BED4D001DACCB /* Preview Content in Resources */ = {isa = PBXBuildFile; fileRef = EB671B3C239BED4C001DACCB /* Preview Content */; };
/* End PBXBuildFile section */

/* Begin PBXContainerItemProxy section */
		EB671B01239BC562001DACCB /* PBXContainerItemProxy */ = {
			isa = PBXContainerItemProxy;
			containerPortal = EB671AE2239BC561001DACCB /* Project object */;
			proxyType = 1;
			remoteGlobalIDString = EB671AE9239BC561001DACCB;
			remoteInfo = Backpackr;
		};
		EB671B0C239BC562001DACCB /* PBXContainerItemProxy */ = {
			isa = PBXContainerItemProxy;
			containerPortal = EB671AE2239BC561001DACCB /* Project object */;
			proxyType = 1;
			remoteGlobalIDString = EB671AE9239BC561001DACCB;
			remoteInfo = Backpackr;
		};
/* End PBXContainerItemProxy section */

/* Begin PBXFileReference section */
		08CE72943668E7AF68A4DAA4 /* Pods-BackpackrTests.release.xcconfig */ = {isa = PBXFileReference; includeInIndex = 1; lastKnownFileType = text.xcconfig; name = "Pods-BackpackrTests.release.xcconfig"; path = "Target Support Files/Pods-BackpackrTests/Pods-BackpackrTests.release.xcconfig"; sourceTree = "<group>"; };
		16B96515783F53846E36CC36 /* Pods-BackpackrTests.debug.xcconfig */ = {isa = PBXFileReference; includeInIndex = 1; lastKnownFileType = text.xcconfig; name = "Pods-BackpackrTests.debug.xcconfig"; path = "Target Support Files/Pods-BackpackrTests/Pods-BackpackrTests.debug.xcconfig"; sourceTree = "<group>"; };
		32C9E5788FE208EC737C7FA3 /* Pods-Backpackr.release.xcconfig */ = {isa = PBXFileReference; includeInIndex = 1; lastKnownFileType = text.xcconfig; name = "Pods-Backpackr.release.xcconfig"; path = "Target Support Files/Pods-Backpackr/Pods-Backpackr.release.xcconfig"; sourceTree = "<group>"; };
		37F3048F66D3C9178D0DA8E4 /* Pods_Backpackr.framework */ = {isa = PBXFileReference; explicitFileType = wrapper.framework; includeInIndex = 0; path = Pods_Backpackr.framework; sourceTree = BUILT_PRODUCTS_DIR; };
		47842C031F05EAB4427D57E9 /* Pods_Backpackr_BackpackrUITests.framework */ = {isa = PBXFileReference; explicitFileType = wrapper.framework; includeInIndex = 0; path = Pods_Backpackr_BackpackrUITests.framework; sourceTree = BUILT_PRODUCTS_DIR; };
		81F8ABFAA88EA30E44CBA753 /* Pods-Backpackr.debug.xcconfig */ = {isa = PBXFileReference; includeInIndex = 1; lastKnownFileType = text.xcconfig; name = "Pods-Backpackr.debug.xcconfig"; path = "Target Support Files/Pods-Backpackr/Pods-Backpackr.debug.xcconfig"; sourceTree = "<group>"; };
		D3715DF1C77267C136D3F410 /* Pods_BackpackrTests.framework */ = {isa = PBXFileReference; explicitFileType = wrapper.framework; includeInIndex = 0; path = Pods_BackpackrTests.framework; sourceTree = BUILT_PRODUCTS_DIR; };
		E53E8F76ED5A27EA17828C55 /* Pods-Backpackr-BackpackrUITests.debug.xcconfig */ = {isa = PBXFileReference; includeInIndex = 1; lastKnownFileType = text.xcconfig; name = "Pods-Backpackr-BackpackrUITests.debug.xcconfig"; path = "Target Support Files/Pods-Backpackr-BackpackrUITests/Pods-Backpackr-BackpackrUITests.debug.xcconfig"; sourceTree = "<group>"; };
		EB671AEA239BC561001DACCB /* Backpackr.app */ = {isa = PBXFileReference; explicitFileType = wrapper.application; includeInIndex = 0; path = Backpackr.app; sourceTree = BUILT_PRODUCTS_DIR; };
		EB671AED239BC561001DACCB /* BPAppDelegate.swift */ = {isa = PBXFileReference; lastKnownFileType = sourcecode.swift; path = BPAppDelegate.swift; sourceTree = "<group>"; };
		EB671AEF239BC561001DACCB /* BPSceneDelegate.swift */ = {isa = PBXFileReference; lastKnownFileType = sourcecode.swift; path = BPSceneDelegate.swift; sourceTree = "<group>"; };
		EB671AF3239BC562001DACCB /* Assets.xcassets */ = {isa = PBXFileReference; lastKnownFileType = folder.assetcatalog; path = Assets.xcassets; sourceTree = "<group>"; };
		EB671AF9239BC562001DACCB /* Base */ = {isa = PBXFileReference; lastKnownFileType = file.storyboard; name = Base; path = Base.lproj/LaunchScreen.storyboard; sourceTree = "<group>"; };
		EB671AFB239BC562001DACCB /* Info.plist */ = {isa = PBXFileReference; lastKnownFileType = text.plist.xml; path = Info.plist; sourceTree = "<group>"; };
		EB671B00239BC562001DACCB /* BackpackrTests.xctest */ = {isa = PBXFileReference; explicitFileType = wrapper.cfbundle; includeInIndex = 0; path = BackpackrTests.xctest; sourceTree = BUILT_PRODUCTS_DIR; };
		EB671B04239BC562001DACCB /* BackpackrTests.swift */ = {isa = PBXFileReference; lastKnownFileType = sourcecode.swift; path = BackpackrTests.swift; sourceTree = "<group>"; };
		EB671B06239BC562001DACCB /* Info.plist */ = {isa = PBXFileReference; lastKnownFileType = text.plist.xml; path = Info.plist; sourceTree = "<group>"; };
		EB671B0B239BC562001DACCB /* BackpackrUITests.xctest */ = {isa = PBXFileReference; explicitFileType = wrapper.cfbundle; includeInIndex = 0; path = BackpackrUITests.xctest; sourceTree = BUILT_PRODUCTS_DIR; };
		EB671B0F239BC562001DACCB /* BackpackrUITests.swift */ = {isa = PBXFileReference; lastKnownFileType = sourcecode.swift; path = BackpackrUITests.swift; sourceTree = "<group>"; };
		EB671B11239BC562001DACCB /* Info.plist */ = {isa = PBXFileReference; lastKnownFileType = text.plist.xml; path = Info.plist; sourceTree = "<group>"; };
		EB671B1E239BCADD001DACCB /* BPMainViewController.swift */ = {isa = PBXFileReference; lastKnownFileType = sourcecode.swift; path = BPMainViewController.swift; sourceTree = "<group>"; };
		EB671B21239BCB03001DACCB /* BPMainNavigationController.swift */ = {isa = PBXFileReference; lastKnownFileType = sourcecode.swift; path = BPMainNavigationController.swift; sourceTree = "<group>"; };
		EB671B23239BCC96001DACCB /* BPMainReactor.swift */ = {isa = PBXFileReference; lastKnownFileType = sourcecode.swift; path = BPMainReactor.swift; sourceTree = "<group>"; };
		EB671B27239BD343001DACCB /* BPResponse.swift */ = {isa = PBXFileReference; lastKnownFileType = sourcecode.swift; path = BPResponse.swift; sourceTree = "<group>"; };
		EB671B29239BD3C3001DACCB /* BPProductResponse.swift */ = {isa = PBXFileReference; lastKnownFileType = sourcecode.swift; path = BPProductResponse.swift; sourceTree = "<group>"; };
		EB671B2B239BDD54001DACCB /* BPProductDetailResponse.swift */ = {isa = PBXFileReference; lastKnownFileType = sourcecode.swift; path = BPProductDetailResponse.swift; sourceTree = "<group>"; };
		EB671B2E239BE188001DACCB /* KeyedDecodingContainer+Extension.swift */ = {isa = PBXFileReference; lastKnownFileType = sourcecode.swift; path = "KeyedDecodingContainer+Extension.swift"; sourceTree = "<group>"; };
		EB671B31239BE621001DACCB /* BPNavigationController.swift */ = {isa = PBXFileReference; lastKnownFileType = sourcecode.swift; path = BPNavigationController.swift; sourceTree = "<group>"; };
		EB671B33239BE672001DACCB /* BPCollectionViewController.swift */ = {isa = PBXFileReference; lastKnownFileType = sourcecode.swift; path = BPCollectionViewController.swift; sourceTree = "<group>"; };
		EB671B35239BE696001DACCB /* BPViewController.swift */ = {isa = PBXFileReference; lastKnownFileType = sourcecode.swift; path = BPViewController.swift; sourceTree = "<group>"; };
		EB671B38239BE703001DACCB /* BPDetailViewController.swift */ = {isa = PBXFileReference; lastKnownFileType = sourcecode.swift; path = BPDetailViewController.swift; sourceTree = "<group>"; };
		EB671B3A239BE74E001DACCB /* BPDetailReactor.swift */ = {isa = PBXFileReference; lastKnownFileType = sourcecode.swift; path = BPDetailReactor.swift; sourceTree = "<group>"; };
		EB671B3C239BED4C001DACCB /* Preview Content */ = {isa = PBXFileReference; lastKnownFileType = folder; path = "Preview Content"; sourceTree = "<group>"; };
		F02D8817F317C236E5197CC4 /* Pods-Backpackr-BackpackrUITests.release.xcconfig */ = {isa = PBXFileReference; includeInIndex = 1; lastKnownFileType = text.xcconfig; name = "Pods-Backpackr-BackpackrUITests.release.xcconfig"; path = "Target Support Files/Pods-Backpackr-BackpackrUITests/Pods-Backpackr-BackpackrUITests.release.xcconfig"; sourceTree = "<group>"; };
/* End PBXFileReference section */

/* Begin PBXFrameworksBuildPhase section */
		EB671AE7239BC561001DACCB /* Frameworks */ = {
			isa = PBXFrameworksBuildPhase;
			buildActionMask = 2147483647;
			files = (
				9E6A038CEDFBDD1169E1E194 /* Pods_Backpackr.framework in Frameworks */,
			);
			runOnlyForDeploymentPostprocessing = 0;
		};
		EB671AFD239BC562001DACCB /* Frameworks */ = {
			isa = PBXFrameworksBuildPhase;
			buildActionMask = 2147483647;
			files = (
				28D598BC44235F43C189C9C9 /* Pods_BackpackrTests.framework in Frameworks */,
			);
			runOnlyForDeploymentPostprocessing = 0;
		};
		EB671B08239BC562001DACCB /* Frameworks */ = {
			isa = PBXFrameworksBuildPhase;
			buildActionMask = 2147483647;
			files = (
				D7174A949E6D6483717ED0F0 /* Pods_Backpackr_BackpackrUITests.framework in Frameworks */,
			);
			runOnlyForDeploymentPostprocessing = 0;
		};
/* End PBXFrameworksBuildPhase section */

/* Begin PBXGroup section */
		886569ECBB3C1366C89FA9B0 /* Pods */ = {
			isa = PBXGroup;
			children = (
				81F8ABFAA88EA30E44CBA753 /* Pods-Backpackr.debug.xcconfig */,
				32C9E5788FE208EC737C7FA3 /* Pods-Backpackr.release.xcconfig */,
				E53E8F76ED5A27EA17828C55 /* Pods-Backpackr-BackpackrUITests.debug.xcconfig */,
				F02D8817F317C236E5197CC4 /* Pods-Backpackr-BackpackrUITests.release.xcconfig */,
				16B96515783F53846E36CC36 /* Pods-BackpackrTests.debug.xcconfig */,
				08CE72943668E7AF68A4DAA4 /* Pods-BackpackrTests.release.xcconfig */,
			);
			path = Pods;
			sourceTree = "<group>";
		};
		C13D28B19B8908D1228437DC /* Frameworks */ = {
			isa = PBXGroup;
			children = (
				37F3048F66D3C9178D0DA8E4 /* Pods_Backpackr.framework */,
				47842C031F05EAB4427D57E9 /* Pods_Backpackr_BackpackrUITests.framework */,
				D3715DF1C77267C136D3F410 /* Pods_BackpackrTests.framework */,
			);
			name = Frameworks;
			sourceTree = "<group>";
		};
		EB671AE1239BC561001DACCB = {
			isa = PBXGroup;
			children = (
				EB671AEC239BC561001DACCB /* Backpackr */,
				EB671B03239BC562001DACCB /* BackpackrTests */,
				EB671B0E239BC562001DACCB /* BackpackrUITests */,
				EB671AEB239BC561001DACCB /* Products */,
				886569ECBB3C1366C89FA9B0 /* Pods */,
				C13D28B19B8908D1228437DC /* Frameworks */,
			);
			sourceTree = "<group>";
		};
		EB671AEB239BC561001DACCB /* Products */ = {
			isa = PBXGroup;
			children = (
				EB671AEA239BC561001DACCB /* Backpackr.app */,
				EB671B00239BC562001DACCB /* BackpackrTests.xctest */,
				EB671B0B239BC562001DACCB /* BackpackrUITests.xctest */,
			);
			name = Products;
			sourceTree = "<group>";
		};
		EB671AEC239BC561001DACCB /* Backpackr */ = {
			isa = PBXGroup;
			children = (
				EB671B25239BD304001DACCB /* Model */,
				EB671B1D239BCAC0001DACCB /* View */,
				EB671B2D239BE16D001DACCB /* Extensions */,
				EB671AED239BC561001DACCB /* BPAppDelegate.swift */,
				EB671AEF239BC561001DACCB /* BPSceneDelegate.swift */,
				EB671AF3239BC562001DACCB /* Assets.xcassets */,
				EB671B3C239BED4C001DACCB /* Preview Content */,
				EB671AF8239BC562001DACCB /* LaunchScreen.storyboard */,
				EB671AFB239BC562001DACCB /* Info.plist */,
			);
			path = Backpackr;
			sourceTree = "<group>";
		};
		EB671B03239BC562001DACCB /* BackpackrTests */ = {
			isa = PBXGroup;
			children = (
				EB671B04239BC562001DACCB /* BackpackrTests.swift */,
				EB671B06239BC562001DACCB /* Info.plist */,
			);
			path = BackpackrTests;
			sourceTree = "<group>";
		};
		EB671B0E239BC562001DACCB /* BackpackrUITests */ = {
			isa = PBXGroup;
			children = (
				EB671B0F239BC562001DACCB /* BackpackrUITests.swift */,
				EB671B11239BC562001DACCB /* Info.plist */,
			);
			path = BackpackrUITests;
			sourceTree = "<group>";
		};
		EB671B1D239BCAC0001DACCB /* View */ = {
			isa = PBXGroup;
			children = (
				EB671B30239BE60F001DACCB /* Base */,
				EB671B20239BCAEC001DACCB /* Main */,
				EB671B37239BE6B6001DACCB /* Detail */,
			);
			path = View;
			sourceTree = "<group>";
		};
		EB671B20239BCAEC001DACCB /* Main */ = {
			isa = PBXGroup;
			children = (
				EB671B21239BCB03001DACCB /* BPMainNavigationController.swift */,
				EB671B1E239BCADD001DACCB /* BPMainViewController.swift */,
				EB671B23239BCC96001DACCB /* BPMainReactor.swift */,
			);
			path = Main;
			sourceTree = "<group>";
		};
		EB671B25239BD304001DACCB /* Model */ = {
			isa = PBXGroup;
			children = (
				EB671B26239BD309001DACCB /* Main */,
				EB671B27239BD343001DACCB /* BPResponse.swift */,
			);
			path = Model;
			sourceTree = "<group>";
		};
		EB671B26239BD309001DACCB /* Main */ = {
			isa = PBXGroup;
			children = (
				EB671B29239BD3C3001DACCB /* BPProductResponse.swift */,
				EB671B2B239BDD54001DACCB /* BPProductDetailResponse.swift */,
			);
			path = Main;
			sourceTree = "<group>";
		};
		EB671B2D239BE16D001DACCB /* Extensions */ = {
			isa = PBXGroup;
			children = (
				EB671B2E239BE188001DACCB /* KeyedDecodingContainer+Extension.swift */,
			);
			path = Extensions;
			sourceTree = "<group>";
		};
		EB671B30239BE60F001DACCB /* Base */ = {
			isa = PBXGroup;
			children = (
				EB671B31239BE621001DACCB /* BPNavigationController.swift */,
				EB671B33239BE672001DACCB /* BPCollectionViewController.swift */,
				EB671B35239BE696001DACCB /* BPViewController.swift */,
			);
			path = Base;
			sourceTree = "<group>";
		};
		EB671B37239BE6B6001DACCB /* Detail */ = {
			isa = PBXGroup;
			children = (
				EB671B38239BE703001DACCB /* BPDetailViewController.swift */,
				EB671B3A239BE74E001DACCB /* BPDetailReactor.swift */,
			);
			path = Detail;
			sourceTree = "<group>";
		};
/* End PBXGroup section */

/* Begin PBXNativeTarget section */
		EB671AE9239BC561001DACCB /* Backpackr */ = {
			isa = PBXNativeTarget;
			buildConfigurationList = EB671B14239BC562001DACCB /* Build configuration list for PBXNativeTarget "Backpackr" */;
			buildPhases = (
				29E53CE646F08D4B07ABC3DE /* [CP] Check Pods Manifest.lock */,
				EB671AE6239BC561001DACCB /* Sources */,
				EB671AE7239BC561001DACCB /* Frameworks */,
				EB671AE8239BC561001DACCB /* Resources */,
				9DF0A83090F24F1458ED93C4 /* [CP] Embed Pods Frameworks */,
			);
			buildRules = (
			);
			dependencies = (
			);
			name = Backpackr;
			productName = Backpackr;
			productReference = EB671AEA239BC561001DACCB /* Backpackr.app */;
			productType = "com.apple.product-type.application";
		};
		EB671AFF239BC562001DACCB /* BackpackrTests */ = {
			isa = PBXNativeTarget;
			buildConfigurationList = EB671B17239BC562001DACCB /* Build configuration list for PBXNativeTarget "BackpackrTests" */;
			buildPhases = (
				567B3F329D38458F9148B2C4 /* [CP] Check Pods Manifest.lock */,
				EB671AFC239BC562001DACCB /* Sources */,
				EB671AFD239BC562001DACCB /* Frameworks */,
				EB671AFE239BC562001DACCB /* Resources */,
				0021FBDD95760BD7B382E411 /* [CP] Embed Pods Frameworks */,
			);
			buildRules = (
			);
			dependencies = (
				EB671B02239BC562001DACCB /* PBXTargetDependency */,
			);
			name = BackpackrTests;
			productName = BackpackrTests;
			productReference = EB671B00239BC562001DACCB /* BackpackrTests.xctest */;
			productType = "com.apple.product-type.bundle.unit-test";
		};
		EB671B0A239BC562001DACCB /* BackpackrUITests */ = {
			isa = PBXNativeTarget;
			buildConfigurationList = EB671B1A239BC562001DACCB /* Build configuration list for PBXNativeTarget "BackpackrUITests" */;
			buildPhases = (
				F129C3E5DF804307C56D3217 /* [CP] Check Pods Manifest.lock */,
				EB671B07239BC562001DACCB /* Sources */,
				EB671B08239BC562001DACCB /* Frameworks */,
				EB671B09239BC562001DACCB /* Resources */,
				CA522960F61A161F1A078F30 /* [CP] Embed Pods Frameworks */,
			);
			buildRules = (
			);
			dependencies = (
				EB671B0D239BC562001DACCB /* PBXTargetDependency */,
			);
			name = BackpackrUITests;
			productName = BackpackrUITests;
			productReference = EB671B0B239BC562001DACCB /* BackpackrUITests.xctest */;
			productType = "com.apple.product-type.bundle.ui-testing";
		};
/* End PBXNativeTarget section */

/* Begin PBXProject section */
		EB671AE2239BC561001DACCB /* Project object */ = {
			isa = PBXProject;
			attributes = {
				LastSwiftUpdateCheck = 1120;
				LastUpgradeCheck = 1120;
				ORGANIZATIONNAME = "Sooa Kim";
				TargetAttributes = {
					EB671AE9239BC561001DACCB = {
						CreatedOnToolsVersion = 11.2.1;
					};
					EB671AFF239BC562001DACCB = {
						CreatedOnToolsVersion = 11.2.1;
						TestTargetID = EB671AE9239BC561001DACCB;
					};
					EB671B0A239BC562001DACCB = {
						CreatedOnToolsVersion = 11.2.1;
						TestTargetID = EB671AE9239BC561001DACCB;
					};
				};
			};
			buildConfigurationList = EB671AE5239BC561001DACCB /* Build configuration list for PBXProject "Backpackr" */;
			compatibilityVersion = "Xcode 9.3";
			developmentRegion = en;
			hasScannedForEncodings = 0;
			knownRegions = (
				en,
				Base,
			);
			mainGroup = EB671AE1239BC561001DACCB;
			productRefGroup = EB671AEB239BC561001DACCB /* Products */;
			projectDirPath = "";
			projectRoot = "";
			targets = (
				EB671AE9239BC561001DACCB /* Backpackr */,
				EB671AFF239BC562001DACCB /* BackpackrTests */,
				EB671B0A239BC562001DACCB /* BackpackrUITests */,
			);
		};
/* End PBXProject section */

/* Begin PBXResourcesBuildPhase section */
		EB671AE8239BC561001DACCB /* Resources */ = {
			isa = PBXResourcesBuildPhase;
			buildActionMask = 2147483647;
			files = (
				EB671B3D239BED4D001DACCB /* Preview Content in Resources */,
				EB671AFA239BC562001DACCB /* LaunchScreen.storyboard in Resources */,
				EB671AF4239BC562001DACCB /* Assets.xcassets in Resources */,
			);
			runOnlyForDeploymentPostprocessing = 0;
		};
		EB671AFE239BC562001DACCB /* Resources */ = {
			isa = PBXResourcesBuildPhase;
			buildActionMask = 2147483647;
			files = (
			);
			runOnlyForDeploymentPostprocessing = 0;
		};
		EB671B09239BC562001DACCB /* Resources */ = {
			isa = PBXResourcesBuildPhase;
			buildActionMask = 2147483647;
			files = (
			);
			runOnlyForDeploymentPostprocessing = 0;
		};
/* End PBXResourcesBuildPhase section */

/* Begin PBXShellScriptBuildPhase section */
		0021FBDD95760BD7B382E411 /* [CP] Embed Pods Frameworks */ = {
			isa = PBXShellScriptBuildPhase;
			buildActionMask = 2147483647;
			files = (
			);
			inputFileListPaths = (
				"${PODS_ROOT}/Target Support Files/Pods-BackpackrTests/Pods-BackpackrTests-frameworks-${CONFIGURATION}-input-files.xcfilelist",
			);
			name = "[CP] Embed Pods Frameworks";
			outputFileListPaths = (
				"${PODS_ROOT}/Target Support Files/Pods-BackpackrTests/Pods-BackpackrTests-frameworks-${CONFIGURATION}-output-files.xcfilelist",
			);
			runOnlyForDeploymentPostprocessing = 0;
			shellPath = /bin/sh;
			shellScript = "\"${PODS_ROOT}/Target Support Files/Pods-BackpackrTests/Pods-BackpackrTests-frameworks.sh\"\n";
			showEnvVarsInLog = 0;
		};
		29E53CE646F08D4B07ABC3DE /* [CP] Check Pods Manifest.lock */ = {
			isa = PBXShellScriptBuildPhase;
			buildActionMask = 2147483647;
			files = (
			);
			inputFileListPaths = (
			);
			inputPaths = (
				"${PODS_PODFILE_DIR_PATH}/Podfile.lock",
				"${PODS_ROOT}/Manifest.lock",
			);
			name = "[CP] Check Pods Manifest.lock";
			outputFileListPaths = (
			);
			outputPaths = (
				"$(DERIVED_FILE_DIR)/Pods-Backpackr-checkManifestLockResult.txt",
			);
			runOnlyForDeploymentPostprocessing = 0;
			shellPath = /bin/sh;
			shellScript = "diff \"${PODS_PODFILE_DIR_PATH}/Podfile.lock\" \"${PODS_ROOT}/Manifest.lock\" > /dev/null\nif [ $? != 0 ] ; then\n    # print error to STDERR\n    echo \"error: The sandbox is not in sync with the Podfile.lock. Run 'pod install' or update your CocoaPods installation.\" >&2\n    exit 1\nfi\n# This output is used by Xcode 'outputs' to avoid re-running this script phase.\necho \"SUCCESS\" > \"${SCRIPT_OUTPUT_FILE_0}\"\n";
			showEnvVarsInLog = 0;
		};
		567B3F329D38458F9148B2C4 /* [CP] Check Pods Manifest.lock */ = {
			isa = PBXShellScriptBuildPhase;
			buildActionMask = 2147483647;
			files = (
			);
			inputFileListPaths = (
			);
			inputPaths = (
				"${PODS_PODFILE_DIR_PATH}/Podfile.lock",
				"${PODS_ROOT}/Manifest.lock",
			);
			name = "[CP] Check Pods Manifest.lock";
			outputFileListPaths = (
			);
			outputPaths = (
				"$(DERIVED_FILE_DIR)/Pods-BackpackrTests-checkManifestLockResult.txt",
			);
			runOnlyForDeploymentPostprocessing = 0;
			shellPath = /bin/sh;
			shellScript = "diff \"${PODS_PODFILE_DIR_PATH}/Podfile.lock\" \"${PODS_ROOT}/Manifest.lock\" > /dev/null\nif [ $? != 0 ] ; then\n    # print error to STDERR\n    echo \"error: The sandbox is not in sync with the Podfile.lock. Run 'pod install' or update your CocoaPods installation.\" >&2\n    exit 1\nfi\n# This output is used by Xcode 'outputs' to avoid re-running this script phase.\necho \"SUCCESS\" > \"${SCRIPT_OUTPUT_FILE_0}\"\n";
			showEnvVarsInLog = 0;
		};
		9DF0A83090F24F1458ED93C4 /* [CP] Embed Pods Frameworks */ = {
			isa = PBXShellScriptBuildPhase;
			buildActionMask = 2147483647;
			files = (
			);
			inputFileListPaths = (
				"${PODS_ROOT}/Target Support Files/Pods-Backpackr/Pods-Backpackr-frameworks-${CONFIGURATION}-input-files.xcfilelist",
			);
			name = "[CP] Embed Pods Frameworks";
			outputFileListPaths = (
				"${PODS_ROOT}/Target Support Files/Pods-Backpackr/Pods-Backpackr-frameworks-${CONFIGURATION}-output-files.xcfilelist",
			);
			runOnlyForDeploymentPostprocessing = 0;
			shellPath = /bin/sh;
			shellScript = "\"${PODS_ROOT}/Target Support Files/Pods-Backpackr/Pods-Backpackr-frameworks.sh\"\n";
			showEnvVarsInLog = 0;
		};
		CA522960F61A161F1A078F30 /* [CP] Embed Pods Frameworks */ = {
			isa = PBXShellScriptBuildPhase;
			buildActionMask = 2147483647;
			files = (
			);
			inputFileListPaths = (
				"${PODS_ROOT}/Target Support Files/Pods-Backpackr-BackpackrUITests/Pods-Backpackr-BackpackrUITests-frameworks-${CONFIGURATION}-input-files.xcfilelist",
			);
			name = "[CP] Embed Pods Frameworks";
			outputFileListPaths = (
				"${PODS_ROOT}/Target Support Files/Pods-Backpackr-BackpackrUITests/Pods-Backpackr-BackpackrUITests-frameworks-${CONFIGURATION}-output-files.xcfilelist",
			);
			runOnlyForDeploymentPostprocessing = 0;
			shellPath = /bin/sh;
			shellScript = "\"${PODS_ROOT}/Target Support Files/Pods-Backpackr-BackpackrUITests/Pods-Backpackr-BackpackrUITests-frameworks.sh\"\n";
			showEnvVarsInLog = 0;
		};
		F129C3E5DF804307C56D3217 /* [CP] Check Pods Manifest.lock */ = {
			isa = PBXShellScriptBuildPhase;
			buildActionMask = 2147483647;
			files = (
			);
			inputFileListPaths = (
			);
			inputPaths = (
				"${PODS_PODFILE_DIR_PATH}/Podfile.lock",
				"${PODS_ROOT}/Manifest.lock",
			);
			name = "[CP] Check Pods Manifest.lock";
			outputFileListPaths = (
			);
			outputPaths = (
				"$(DERIVED_FILE_DIR)/Pods-Backpackr-BackpackrUITests-checkManifestLockResult.txt",
			);
			runOnlyForDeploymentPostprocessing = 0;
			shellPath = /bin/sh;
			shellScript = "diff \"${PODS_PODFILE_DIR_PATH}/Podfile.lock\" \"${PODS_ROOT}/Manifest.lock\" > /dev/null\nif [ $? != 0 ] ; then\n    # print error to STDERR\n    echo \"error: The sandbox is not in sync with the Podfile.lock. Run 'pod install' or update your CocoaPods installation.\" >&2\n    exit 1\nfi\n# This output is used by Xcode 'outputs' to avoid re-running this script phase.\necho \"SUCCESS\" > \"${SCRIPT_OUTPUT_FILE_0}\"\n";
			showEnvVarsInLog = 0;
		};
/* End PBXShellScriptBuildPhase section */

/* Begin PBXSourcesBuildPhase section */
		EB671AE6239BC561001DACCB /* Sources */ = {
			isa = PBXSourcesBuildPhase;
			buildActionMask = 2147483647;
			files = (
				EB671B34239BE673001DACCB /* BPCollectionViewController.swift in Sources */,
				EB671B22239BCB03001DACCB /* BPMainNavigationController.swift in Sources */,
				EB671B24239BCC96001DACCB /* BPMainReactor.swift in Sources */,
				EB671B2C239BDD54001DACCB /* BPProductDetailResponse.swift in Sources */,
				EB671B28239BD343001DACCB /* BPResponse.swift in Sources */,
				EB671B39239BE703001DACCB /* BPDetailViewController.swift in Sources */,
				EB671AEE239BC561001DACCB /* BPAppDelegate.swift in Sources */,
				EB671B2F239BE188001DACCB /* KeyedDecodingContainer+Extension.swift in Sources */,
				EB671AF0239BC561001DACCB /* BPSceneDelegate.swift in Sources */,
				EB671B2A239BD3C3001DACCB /* BPProductResponse.swift in Sources */,
				EB671B36239BE696001DACCB /* BPViewController.swift in Sources */,
				EB671B3B239BE74E001DACCB /* BPDetailReactor.swift in Sources */,
				EB671B32239BE621001DACCB /* BPNavigationController.swift in Sources */,
				EB671B1F239BCADD001DACCB /* BPMainViewController.swift in Sources */,
			);
			runOnlyForDeploymentPostprocessing = 0;
		};
		EB671AFC239BC562001DACCB /* Sources */ = {
			isa = PBXSourcesBuildPhase;
			buildActionMask = 2147483647;
			files = (
				EB671B05239BC562001DACCB /* BackpackrTests.swift in Sources */,
			);
			runOnlyForDeploymentPostprocessing = 0;
		};
		EB671B07239BC562001DACCB /* Sources */ = {
			isa = PBXSourcesBuildPhase;
			buildActionMask = 2147483647;
			files = (
				EB671B10239BC562001DACCB /* BackpackrUITests.swift in Sources */,
			);
			runOnlyForDeploymentPostprocessing = 0;
		};
/* End PBXSourcesBuildPhase section */

/* Begin PBXTargetDependency section */
		EB671B02239BC562001DACCB /* PBXTargetDependency */ = {
			isa = PBXTargetDependency;
			target = EB671AE9239BC561001DACCB /* Backpackr */;
			targetProxy = EB671B01239BC562001DACCB /* PBXContainerItemProxy */;
		};
		EB671B0D239BC562001DACCB /* PBXTargetDependency */ = {
			isa = PBXTargetDependency;
			target = EB671AE9239BC561001DACCB /* Backpackr */;
			targetProxy = EB671B0C239BC562001DACCB /* PBXContainerItemProxy */;
		};
/* End PBXTargetDependency section */

/* Begin PBXVariantGroup section */
		EB671AF8239BC562001DACCB /* LaunchScreen.storyboard */ = {
			isa = PBXVariantGroup;
			children = (
				EB671AF9239BC562001DACCB /* Base */,
			);
			name = LaunchScreen.storyboard;
			sourceTree = "<group>";
		};
/* End PBXVariantGroup section */

/* Begin XCBuildConfiguration section */
		EB671B12239BC562001DACCB /* Debug */ = {
			isa = XCBuildConfiguration;
			buildSettings = {
				ALWAYS_SEARCH_USER_PATHS = NO;
				CLANG_ANALYZER_NONNULL = YES;
				CLANG_ANALYZER_NUMBER_OBJECT_CONVERSION = YES_AGGRESSIVE;
				CLANG_CXX_LANGUAGE_STANDARD = "gnu++14";
				CLANG_CXX_LIBRARY = "libc++";
				CLANG_ENABLE_MODULES = YES;
				CLANG_ENABLE_OBJC_ARC = YES;
				CLANG_ENABLE_OBJC_WEAK = YES;
				CLANG_WARN_BLOCK_CAPTURE_AUTORELEASING = YES;
				CLANG_WARN_BOOL_CONVERSION = YES;
				CLANG_WARN_COMMA = YES;
				CLANG_WARN_CONSTANT_CONVERSION = YES;
				CLANG_WARN_DEPRECATED_OBJC_IMPLEMENTATIONS = YES;
				CLANG_WARN_DIRECT_OBJC_ISA_USAGE = YES_ERROR;
				CLANG_WARN_DOCUMENTATION_COMMENTS = YES;
				CLANG_WARN_EMPTY_BODY = YES;
				CLANG_WARN_ENUM_CONVERSION = YES;
				CLANG_WARN_INFINITE_RECURSION = YES;
				CLANG_WARN_INT_CONVERSION = YES;
				CLANG_WARN_NON_LITERAL_NULL_CONVERSION = YES;
				CLANG_WARN_OBJC_IMPLICIT_RETAIN_SELF = YES;
				CLANG_WARN_OBJC_LITERAL_CONVERSION = YES;
				CLANG_WARN_OBJC_ROOT_CLASS = YES_ERROR;
				CLANG_WARN_RANGE_LOOP_ANALYSIS = YES;
				CLANG_WARN_STRICT_PROTOTYPES = YES;
				CLANG_WARN_SUSPICIOUS_MOVE = YES;
				CLANG_WARN_UNGUARDED_AVAILABILITY = YES_AGGRESSIVE;
				CLANG_WARN_UNREACHABLE_CODE = YES;
				CLANG_WARN__DUPLICATE_METHOD_MATCH = YES;
				COPY_PHASE_STRIP = NO;
				DEBUG_INFORMATION_FORMAT = dwarf;
				ENABLE_STRICT_OBJC_MSGSEND = YES;
				ENABLE_TESTABILITY = YES;
				GCC_C_LANGUAGE_STANDARD = gnu11;
				GCC_DYNAMIC_NO_PIC = NO;
				GCC_NO_COMMON_BLOCKS = YES;
				GCC_OPTIMIZATION_LEVEL = 0;
				GCC_PREPROCESSOR_DEFINITIONS = (
					"DEBUG=1",
					"$(inherited)",
				);
				GCC_WARN_64_TO_32_BIT_CONVERSION = YES;
				GCC_WARN_ABOUT_RETURN_TYPE = YES_ERROR;
				GCC_WARN_UNDECLARED_SELECTOR = YES;
				GCC_WARN_UNINITIALIZED_AUTOS = YES_AGGRESSIVE;
				GCC_WARN_UNUSED_FUNCTION = YES;
				GCC_WARN_UNUSED_VARIABLE = YES;
				IPHONEOS_DEPLOYMENT_TARGET = 11.0;
				MTL_ENABLE_DEBUG_INFO = INCLUDE_SOURCE;
				MTL_FAST_MATH = YES;
				ONLY_ACTIVE_ARCH = YES;
				SDKROOT = iphoneos;
				SWIFT_ACTIVE_COMPILATION_CONDITIONS = DEBUG;
				SWIFT_OPTIMIZATION_LEVEL = "-Onone";
			};
			name = Debug;
		};
		EB671B13239BC562001DACCB /* Release */ = {
			isa = XCBuildConfiguration;
			buildSettings = {
				ALWAYS_SEARCH_USER_PATHS = NO;
				CLANG_ANALYZER_NONNULL = YES;
				CLANG_ANALYZER_NUMBER_OBJECT_CONVERSION = YES_AGGRESSIVE;
				CLANG_CXX_LANGUAGE_STANDARD = "gnu++14";
				CLANG_CXX_LIBRARY = "libc++";
				CLANG_ENABLE_MODULES = YES;
				CLANG_ENABLE_OBJC_ARC = YES;
				CLANG_ENABLE_OBJC_WEAK = YES;
				CLANG_WARN_BLOCK_CAPTURE_AUTORELEASING = YES;
				CLANG_WARN_BOOL_CONVERSION = YES;
				CLANG_WARN_COMMA = YES;
				CLANG_WARN_CONSTANT_CONVERSION = YES;
				CLANG_WARN_DEPRECATED_OBJC_IMPLEMENTATIONS = YES;
				CLANG_WARN_DIRECT_OBJC_ISA_USAGE = YES_ERROR;
				CLANG_WARN_DOCUMENTATION_COMMENTS = YES;
				CLANG_WARN_EMPTY_BODY = YES;
				CLANG_WARN_ENUM_CONVERSION = YES;
				CLANG_WARN_INFINITE_RECURSION = YES;
				CLANG_WARN_INT_CONVERSION = YES;
				CLANG_WARN_NON_LITERAL_NULL_CONVERSION = YES;
				CLANG_WARN_OBJC_IMPLICIT_RETAIN_SELF = YES;
				CLANG_WARN_OBJC_LITERAL_CONVERSION = YES;
				CLANG_WARN_OBJC_ROOT_CLASS = YES_ERROR;
				CLANG_WARN_RANGE_LOOP_ANALYSIS = YES;
				CLANG_WARN_STRICT_PROTOTYPES = YES;
				CLANG_WARN_SUSPICIOUS_MOVE = YES;
				CLANG_WARN_UNGUARDED_AVAILABILITY = YES_AGGRESSIVE;
				CLANG_WARN_UNREACHABLE_CODE = YES;
				CLANG_WARN__DUPLICATE_METHOD_MATCH = YES;
				COPY_PHASE_STRIP = NO;
				DEBUG_INFORMATION_FORMAT = "dwarf-with-dsym";
				ENABLE_NS_ASSERTIONS = NO;
				ENABLE_STRICT_OBJC_MSGSEND = YES;
				GCC_C_LANGUAGE_STANDARD = gnu11;
				GCC_NO_COMMON_BLOCKS = YES;
				GCC_WARN_64_TO_32_BIT_CONVERSION = YES;
				GCC_WARN_ABOUT_RETURN_TYPE = YES_ERROR;
				GCC_WARN_UNDECLARED_SELECTOR = YES;
				GCC_WARN_UNINITIALIZED_AUTOS = YES_AGGRESSIVE;
				GCC_WARN_UNUSED_FUNCTION = YES;
				GCC_WARN_UNUSED_VARIABLE = YES;
				IPHONEOS_DEPLOYMENT_TARGET = 11.0;
				MTL_ENABLE_DEBUG_INFO = NO;
				MTL_FAST_MATH = YES;
				SDKROOT = iphoneos;
				SWIFT_COMPILATION_MODE = wholemodule;
				SWIFT_OPTIMIZATION_LEVEL = "-O";
				VALIDATE_PRODUCT = YES;
			};
			name = Release;
		};
		EB671B15239BC562001DACCB /* Debug */ = {
			isa = XCBuildConfiguration;
			baseConfigurationReference = 81F8ABFAA88EA30E44CBA753 /* Pods-Backpackr.debug.xcconfig */;
			buildSettings = {
				ALWAYS_EMBED_SWIFT_STANDARD_LIBRARIES = "$(inherited)";
				ASSETCATALOG_COMPILER_APPICON_NAME = AppIcon;
				CODE_SIGN_STYLE = Automatic;
				DEVELOPMENT_ASSET_PATHS = "\"Backpackr/Preview Content\"";
				DEVELOPMENT_TEAM = SM396Z3QTU;
				ENABLE_PREVIEWS = YES;
				INFOPLIST_FILE = Backpackr/Info.plist;
				LD_RUNPATH_SEARCH_PATHS = (
					"$(inherited)",
					"@executable_path/Frameworks",
				);
				PRODUCT_BUNDLE_IDENTIFIER = io.github.sooakim.Backpackr;
				PRODUCT_NAME = "$(TARGET_NAME)";
				SWIFT_VERSION = 5.0;
				TARGETED_DEVICE_FAMILY = 1;
			};
			name = Debug;
		};
		EB671B16239BC562001DACCB /* Release */ = {
			isa = XCBuildConfiguration;
			baseConfigurationReference = 32C9E5788FE208EC737C7FA3 /* Pods-Backpackr.release.xcconfig */;
			buildSettings = {
				ALWAYS_EMBED_SWIFT_STANDARD_LIBRARIES = "$(inherited)";
				ASSETCATALOG_COMPILER_APPICON_NAME = AppIcon;
				CODE_SIGN_STYLE = Automatic;
				DEVELOPMENT_ASSET_PATHS = "\"Backpackr/Preview Content\"";
				DEVELOPMENT_TEAM = SM396Z3QTU;
				ENABLE_PREVIEWS = YES;
				INFOPLIST_FILE = Backpackr/Info.plist;
				LD_RUNPATH_SEARCH_PATHS = (
					"$(inherited)",
					"@executable_path/Frameworks",
				);
				PRODUCT_BUNDLE_IDENTIFIER = io.github.sooakim.Backpackr;
				PRODUCT_NAME = "$(TARGET_NAME)";
				SWIFT_VERSION = 5.0;
				TARGETED_DEVICE_FAMILY = 1;
			};
			name = Release;
		};
		EB671B18239BC562001DACCB /* Debug */ = {
			isa = XCBuildConfiguration;
			baseConfigurationReference = 16B96515783F53846E36CC36 /* Pods-BackpackrTests.debug.xcconfig */;
			buildSettings = {
				ALWAYS_EMBED_SWIFT_STANDARD_LIBRARIES = "$(inherited)";
				BUNDLE_LOADER = "$(TEST_HOST)";
				CODE_SIGN_STYLE = Automatic;
				DEVELOPMENT_TEAM = SM396Z3QTU;
				INFOPLIST_FILE = BackpackrTests/Info.plist;
				IPHONEOS_DEPLOYMENT_TARGET = 13.2;
				LD_RUNPATH_SEARCH_PATHS = (
					"$(inherited)",
					"@executable_path/Frameworks",
					"@loader_path/Frameworks",
				);
				PRODUCT_BUNDLE_IDENTIFIER = io.github.sooakim.BackpackrTests;
				PRODUCT_NAME = "$(TARGET_NAME)";
				SWIFT_VERSION = 5.0;
				TARGETED_DEVICE_FAMILY = "1,2";
				TEST_HOST = "$(BUILT_PRODUCTS_DIR)/Backpackr.app/Backpackr";
			};
			name = Debug;
		};
		EB671B19239BC562001DACCB /* Release */ = {
			isa = XCBuildConfiguration;
			baseConfigurationReference = 08CE72943668E7AF68A4DAA4 /* Pods-BackpackrTests.release.xcconfig */;
			buildSettings = {
				ALWAYS_EMBED_SWIFT_STANDARD_LIBRARIES = "$(inherited)";
				BUNDLE_LOADER = "$(TEST_HOST)";
				CODE_SIGN_STYLE = Automatic;
				DEVELOPMENT_TEAM = SM396Z3QTU;
				INFOPLIST_FILE = BackpackrTests/Info.plist;
				IPHONEOS_DEPLOYMENT_TARGET = 13.2;
				LD_RUNPATH_SEARCH_PATHS = (
					"$(inherited)",
					"@executable_path/Frameworks",
					"@loader_path/Frameworks",
				);
				PRODUCT_BUNDLE_IDENTIFIER = io.github.sooakim.BackpackrTests;
				PRODUCT_NAME = "$(TARGET_NAME)";
				SWIFT_VERSION = 5.0;
				TARGETED_DEVICE_FAMILY = "1,2";
				TEST_HOST = "$(BUILT_PRODUCTS_DIR)/Backpackr.app/Backpackr";
			};
			name = Release;
		};
		EB671B1B239BC562001DACCB /* Debug */ = {
			isa = XCBuildConfiguration;
			baseConfigurationReference = E53E8F76ED5A27EA17828C55 /* Pods-Backpackr-BackpackrUITests.debug.xcconfig */;
			buildSettings = {
				ALWAYS_EMBED_SWIFT_STANDARD_LIBRARIES = "$(inherited)";
				CODE_SIGN_STYLE = Automatic;
				DEVELOPMENT_TEAM = SM396Z3QTU;
				INFOPLIST_FILE = BackpackrUITests/Info.plist;
				LD_RUNPATH_SEARCH_PATHS = (
					"$(inherited)",
					"@executable_path/Frameworks",
					"@loader_path/Frameworks",
				);
				PRODUCT_BUNDLE_IDENTIFIER = io.github.sooakim.BackpackrUITests;
				PRODUCT_NAME = "$(TARGET_NAME)";
				SWIFT_VERSION = 5.0;
				TARGETED_DEVICE_FAMILY = "1,2";
				TEST_TARGET_NAME = Backpackr;
			};
			name = Debug;
		};
		EB671B1C239BC562001DACCB /* Release */ = {
			isa = XCBuildConfiguration;
			baseConfigurationReference = F02D8817F317C236E5197CC4 /* Pods-Backpackr-BackpackrUITests.release.xcconfig */;
			buildSettings = {
				ALWAYS_EMBED_SWIFT_STANDARD_LIBRARIES = "$(inherited)";
				CODE_SIGN_STYLE = Automatic;
				DEVELOPMENT_TEAM = SM396Z3QTU;
				INFOPLIST_FILE = BackpackrUITests/Info.plist;
				LD_RUNPATH_SEARCH_PATHS = (
					"$(inherited)",
					"@executable_path/Frameworks",
					"@loader_path/Frameworks",
				);
				PRODUCT_BUNDLE_IDENTIFIER = io.github.sooakim.BackpackrUITests;
				PRODUCT_NAME = "$(TARGET_NAME)";
				SWIFT_VERSION = 5.0;
				TARGETED_DEVICE_FAMILY = "1,2";
				TEST_TARGET_NAME = Backpackr;
			};
			name = Release;
		};
/* End XCBuildConfiguration section */

/* Begin XCConfigurationList section */
		EB671AE5239BC561001DACCB /* Build configuration list for PBXProject "Backpackr" */ = {
			isa = XCConfigurationList;
			buildConfigurations = (
				EB671B12239BC562001DACCB /* Debug */,
				EB671B13239BC562001DACCB /* Release */,
			);
			defaultConfigurationIsVisible = 0;
			defaultConfigurationName = Release;
		};
		EB671B14239BC562001DACCB /* Build configuration list for PBXNativeTarget "Backpackr" */ = {
			isa = XCConfigurationList;
			buildConfigurations = (
				EB671B15239BC562001DACCB /* Debug */,
				EB671B16239BC562001DACCB /* Release */,
			);
			defaultConfigurationIsVisible = 0;
			defaultConfigurationName = Release;
		};
		EB671B17239BC562001DACCB /* Build configuration list for PBXNativeTarget "BackpackrTests" */ = {
			isa = XCConfigurationList;
			buildConfigurations = (
				EB671B18239BC562001DACCB /* Debug */,
				EB671B19239BC562001DACCB /* Release */,
			);
			defaultConfigurationIsVisible = 0;
			defaultConfigurationName = Release;
		};
		EB671B1A239BC562001DACCB /* Build configuration list for PBXNativeTarget "BackpackrUITests" */ = {
			isa = XCConfigurationList;
			buildConfigurations = (
				EB671B1B239BC562001DACCB /* Debug */,
				EB671B1C239BC562001DACCB /* Release */,
			);
			defaultConfigurationIsVisible = 0;
			defaultConfigurationName = Release;
		};
/* End XCConfigurationList section */
	};
	rootObject = EB671AE2239BC561001DACCB /* Project object */;
}
